
Microsoft Visual Studio Solution File, Format Version 12.00
# Visual Studio 15
VisualStudioVersion = 15.0.27130.2020
MinimumVisualStudioVersion = 10.0.40219.1
Project("{FAE04EC0-301F-11D3-BF4B-00C04F79EFBC}") = "FargowiltasSouls", "FargowiltasSouls.csproj", "{C145F54A-85C4-4B84-8731-3358DE976FB8}"
EndProject
Global
	GlobalSection(SolutionConfigurationPlatforms) = preSolution
		Client|x86 = Client|x86
		Server|x86 = Server|x86
	EndGlobalSection
	GlobalSection(ProjectConfigurationPlatforms) = postSolution
		{C145F54A-85C4-4B84-8731-3358DE976FB8}.Client|x86.ActiveCfg = Client|x86
		{C145F54A-85C4-4B84-8731-3358DE976FB8}.Client|x86.Build.0 = Client|x86
		{C145F54A-85C4-4B84-8731-3358DE976FB8}.Server|x86.ActiveCfg = Server|x86
		{C145F54A-85C4-4B84-8731-3358DE976FB8}.Server|x86.Build.0 = Server|x86
	EndGlobalSection
	GlobalSection(SolutionProperties) = preSolution
		HideSolutionNode = FALSE
	EndGlobalSection
	GlobalSection(ExtensibilityGlobals) = postSolution
		SolutionGuid = {AD1B1078-A3C7-4797-9AC2-EA675163CBB7}
	EndGlobalSection
EndGlobal
