
Microsoft Visual Studio Solution File, Format Version 12.00
# Visual Studio 15
VisualStudioVersion = 15.0.27130.2020
MinimumVisualStudioVersion = 10.0.40219.1
Project("{9A19103F-16F7-4668-BE54-9A1E7A4F7556}") = "FargowiltasSouls", "FargowiltasSouls.csproj", "{836B9E2C-ED10-42CA-BC11-F578A7E9304A}"
EndProject
Global
	GlobalSection(SolutionConfigurationPlatforms) = preSolution
		Client|x86 = Client|x86
		Server|x86 = Server|x86
	EndGlobalSection
	GlobalSection(ProjectConfigurationPlatforms) = postSolution
		{836B9E2C-ED10-42CA-BC11-F578A7E9304A}.Client|x86.ActiveCfg = Debug|Any CPU
		{836B9E2C-ED10-42CA-BC11-F578A7E9304A}.Client|x86.Build.0 = Debug|Any CPU
		{836B9E2C-ED10-42CA-BC11-F578A7E9304A}.Server|x86.ActiveCfg = Debug|Any CPU
		{836B9E2C-ED10-42CA-BC11-F578A7E9304A}.Server|x86.Build.0 = Debug|Any CPU
	EndGlobalSection
	GlobalSection(SolutionProperties) = preSolution
		HideSolutionNode = FALSE
	EndGlobalSection
	GlobalSection(ExtensibilityGlobals) = postSolution
		SolutionGuid = {AD1B1078-A3C7-4797-9AC2-EA675163CBB7}
	EndGlobalSection
EndGlobal
